
Microsoft Visual Studio Solution File, Format Version 12.00
# Visual Studio Version 17
VisualStudioVersion = 17.1.32319.34
MinimumVisualStudioVersion = 10.0.40219.1
Project("{9A19103F-16F7-4668-BE54-9A1E7A4F7556}") = "VenturaSoftHR.Api", "VenturaSoftHR\VenturaSoftHR.Api.csproj", "{A33F88CC-57AE-4E4E-B0B7-C08DB55B18B0}"
EndProject
Project("{2150E333-8FDC-42A3-9474-1A3956D46DE8}") = "01.API", "01.API", "{098D9A1E-DE7A-4AA4-9729-FA745AAC817A}"
EndProject
Project("{2150E333-8FDC-42A3-9474-1A3956D46DE8}") = "02.Core", "02.Core", "{E2908238-26C6-42DA-A0C3-21638B0567AF}"
EndProject
Project("{2150E333-8FDC-42A3-9474-1A3956D46DE8}") = "03.Infra", "03.Infra", "{13B40C9D-2CEE-4B6B-AFDA-361F666282E0}"
EndProject
Project("{9A19103F-16F7-4668-BE54-9A1E7A4F7556}") = "VenturaSoftHR.Domain", "VenturaSoftHR.Domain\VenturaSoftHR.Domain.csproj", "{ABC318C3-7125-4A6A-A22D-2FBD334EEC1E}"
EndProject
Project("{9A19103F-16F7-4668-BE54-9A1E7A4F7556}") = "VenturaSoftHR.Application", "VenturaSoftHR.ApplicationService\VenturaSoftHR.Application.csproj", "{6D8334EE-B259-4660-9634-25F500A97F9E}"
	ProjectSection(ProjectDependencies) = postProject
		{ABC318C3-7125-4A6A-A22D-2FBD334EEC1E} = {ABC318C3-7125-4A6A-A22D-2FBD334EEC1E}
	EndProjectSection
EndProject
Project("{9A19103F-16F7-4668-BE54-9A1E7A4F7556}") = "VenturaSoftHR.Repository", "VenturaSoftHR.Repository\VenturaSoftHR.Repository.csproj", "{31480ED4-3AE2-4924-8761-6ED075D29CB1}"
EndProject
Project("{9A19103F-16F7-4668-BE54-9A1E7A4F7556}") = "VenturaSoftHR.Common", "VenturaSoftHR.Common\VenturaSoftHR.Common.csproj", "{E2F65BAB-4E19-48AA-9B53-F0739BA521F7}"
EndProject
Project("{2150E333-8FDC-42A3-9474-1A3956D46DE8}") = "04.Test", "04.Test", "{1FDC41D5-11FB-4B3B-BAAE-700C4D4B2563}"
EndProject
Project("{9A19103F-16F7-4668-BE54-9A1E7A4F7556}") = "VenturaSoftHR.Tests", "VenturaSoftHR.Tests\VenturaSoftHR.Tests.csproj", "{9EBE3063-26EA-49CF-8035-0A14D46B4483}"
EndProject
Project("{2150E333-8FDC-42A3-9474-1A3956D46DE8}") = "05.WebDriver", "05.WebDriver", "{8645FB43-690D-4965-B0F9-A86B11C115E3}"
EndProject
Project("{9A19103F-16F7-4668-BE54-9A1E7A4F7556}") = "VenturaSoftHR.WebDriver", "VenturaSoftHR.WebDriver\VenturaSoftHR.WebDriver.csproj", "{F4837CA0-D6F5-400E-BF8B-2B63949A67A4}"
EndProject
Project("{2150E333-8FDC-42A3-9474-1A3956D46DE8}") = "06.CrossCutting", "06.CrossCutting", "{6B08E102-EC92-45CB-904F-FCE236B45733}"
EndProject
Project("{FAE04EC0-301F-11D3-BF4B-00C04F79EFBC}") = "VenturaSoftHR.CrossCutting", "VenturaSoftHR.CrossCutting\VenturaSoftHR.CrossCutting.csproj", "{585B1454-4E03-4AA5-A3B0-E52BE7D395E4}"
EndProject
Global
	GlobalSection(SolutionConfigurationPlatforms) = preSolution
		Debug|Any CPU = Debug|Any CPU
		Release|Any CPU = Release|Any CPU
	EndGlobalSection
	GlobalSection(ProjectConfigurationPlatforms) = postSolution
		{A33F88CC-57AE-4E4E-B0B7-C08DB55B18B0}.Debug|Any CPU.ActiveCfg = Debug|Any CPU
		{A33F88CC-57AE-4E4E-B0B7-C08DB55B18B0}.Debug|Any CPU.Build.0 = Debug|Any CPU
		{A33F88CC-57AE-4E4E-B0B7-C08DB55B18B0}.Release|Any CPU.ActiveCfg = Release|Any CPU
		{A33F88CC-57AE-4E4E-B0B7-C08DB55B18B0}.Release|Any CPU.Build.0 = Release|Any CPU
		{ABC318C3-7125-4A6A-A22D-2FBD334EEC1E}.Debug|Any CPU.ActiveCfg = Debug|Any CPU
		{ABC318C3-7125-4A6A-A22D-2FBD334EEC1E}.Debug|Any CPU.Build.0 = Debug|Any CPU
		{ABC318C3-7125-4A6A-A22D-2FBD334EEC1E}.Release|Any CPU.ActiveCfg = Release|Any CPU
		{ABC318C3-7125-4A6A-A22D-2FBD334EEC1E}.Release|Any CPU.Build.0 = Release|Any CPU
		{6D8334EE-B259-4660-9634-25F500A97F9E}.Debug|Any CPU.ActiveCfg = Debug|Any CPU
		{6D8334EE-B259-4660-9634-25F500A97F9E}.Debug|Any CPU.Build.0 = Debug|Any CPU
		{6D8334EE-B259-4660-9634-25F500A97F9E}.Release|Any CPU.ActiveCfg = Release|Any CPU
		{6D8334EE-B259-4660-9634-25F500A97F9E}.Release|Any CPU.Build.0 = Release|Any CPU
		{31480ED4-3AE2-4924-8761-6ED075D29CB1}.Debug|Any CPU.ActiveCfg = Debug|Any CPU
		{31480ED4-3AE2-4924-8761-6ED075D29CB1}.Debug|Any CPU.Build.0 = Debug|Any CPU
		{31480ED4-3AE2-4924-8761-6ED075D29CB1}.Release|Any CPU.ActiveCfg = Release|Any CPU
		{31480ED4-3AE2-4924-8761-6ED075D29CB1}.Release|Any CPU.Build.0 = Release|Any CPU
		{E2F65BAB-4E19-48AA-9B53-F0739BA521F7}.Debug|Any CPU.ActiveCfg = Debug|Any CPU
		{E2F65BAB-4E19-48AA-9B53-F0739BA521F7}.Debug|Any CPU.Build.0 = Debug|Any CPU
		{E2F65BAB-4E19-48AA-9B53-F0739BA521F7}.Release|Any CPU.ActiveCfg = Release|Any CPU
		{E2F65BAB-4E19-48AA-9B53-F0739BA521F7}.Release|Any CPU.Build.0 = Release|Any CPU
		{9EBE3063-26EA-49CF-8035-0A14D46B4483}.Debug|Any CPU.ActiveCfg = Debug|Any CPU
		{9EBE3063-26EA-49CF-8035-0A14D46B4483}.Debug|Any CPU.Build.0 = Debug|Any CPU
		{9EBE3063-26EA-49CF-8035-0A14D46B4483}.Release|Any CPU.ActiveCfg = Release|Any CPU
		{9EBE3063-26EA-49CF-8035-0A14D46B4483}.Release|Any CPU.Build.0 = Release|Any CPU
		{F4837CA0-D6F5-400E-BF8B-2B63949A67A4}.Debug|Any CPU.ActiveCfg = Debug|Any CPU
		{F4837CA0-D6F5-400E-BF8B-2B63949A67A4}.Debug|Any CPU.Build.0 = Debug|Any CPU
		{F4837CA0-D6F5-400E-BF8B-2B63949A67A4}.Release|Any CPU.ActiveCfg = Release|Any CPU
		{F4837CA0-D6F5-400E-BF8B-2B63949A67A4}.Release|Any CPU.Build.0 = Release|Any CPU
		{585B1454-4E03-4AA5-A3B0-E52BE7D395E4}.Debug|Any CPU.ActiveCfg = Debug|Any CPU
		{585B1454-4E03-4AA5-A3B0-E52BE7D395E4}.Debug|Any CPU.Build.0 = Debug|Any CPU
		{585B1454-4E03-4AA5-A3B0-E52BE7D395E4}.Release|Any CPU.ActiveCfg = Release|Any CPU
		{585B1454-4E03-4AA5-A3B0-E52BE7D395E4}.Release|Any CPU.Build.0 = Release|Any CPU
	EndGlobalSection
	GlobalSection(SolutionProperties) = preSolution
		HideSolutionNode = FALSE
	EndGlobalSection
	GlobalSection(NestedProjects) = preSolution
		{A33F88CC-57AE-4E4E-B0B7-C08DB55B18B0} = {098D9A1E-DE7A-4AA4-9729-FA745AAC817A}
		{ABC318C3-7125-4A6A-A22D-2FBD334EEC1E} = {E2908238-26C6-42DA-A0C3-21638B0567AF}
		{6D8334EE-B259-4660-9634-25F500A97F9E} = {E2908238-26C6-42DA-A0C3-21638B0567AF}
		{31480ED4-3AE2-4924-8761-6ED075D29CB1} = {13B40C9D-2CEE-4B6B-AFDA-361F666282E0}
		{E2F65BAB-4E19-48AA-9B53-F0739BA521F7} = {13B40C9D-2CEE-4B6B-AFDA-361F666282E0}
		{9EBE3063-26EA-49CF-8035-0A14D46B4483} = {1FDC41D5-11FB-4B3B-BAAE-700C4D4B2563}
		{F4837CA0-D6F5-400E-BF8B-2B63949A67A4} = {8645FB43-690D-4965-B0F9-A86B11C115E3}
		{585B1454-4E03-4AA5-A3B0-E52BE7D395E4} = {6B08E102-EC92-45CB-904F-FCE236B45733}
	EndGlobalSection
	GlobalSection(ExtensibilityGlobals) = postSolution
		SolutionGuid = {D833DD4E-FDD4-45C5-AF9F-DDC949C40439}
	EndGlobalSection
EndGlobal
